{
    "_readme": [
        "This file locks the dependencies of your project to a known state",
        "Read more about it at https://getcomposer.org/doc/01-basic-usage.md#installing-dependencies",
        "This file is @generated automatically"
    ],
    "content-hash": "3a532f8a9bacccbce84d9bf58fd11ae3",
    "packages": [],
    "packages-dev": [],
    "aliases": [],
    "minimum-stability": "stable",
    "stability-flags": [],
    "prefer-stable": false,
    "prefer-lowest": false,
    "platform": {
        "php": "^7.1",
        "ext-curl": "^7.3",
        "ext-openssl": "^7.3",
        "ext-json": "^1.7",
        "ext-mbstring": "^7.3"
    },
    "platform-dev": [],
    "plugin-api-version": "2.0.0"
}
